{
  "name": "zerocool-agent-tools",
  "lockfileVersion": 3,
  "requires": true,
  "packages": {
    "": {
      "name": "zerocool-agent-tools",
      "dependencies": {
        "opencode-ai": "1.18.31"
      }
    },
    "node_modules/opencode-ai": {
      "version": "1.18.31",
      "resolved": "https://registry.npmjs.org/opencode-ai/-/opencode-ai-1.18.31.tgz",
      "integrity": "sha512-J95feefeWwtIaw3irx76WjzWcgQXxmuHmDVphvs5ep9X30fBJ6T6bFhw50i9Kx50MG/xPn5w2pafXIfNtdry9w==",
      "cpu": [
        "arm64",
        "x64"
      ],
      "hasInstallScript": true,
      "license": "MIT",
      "os": [
        "darwin",
        "linux",
        "win32"
      ],
      "bin": {
        "opencode": "bin/opencode.exe"
      },
      "optionalDependencies": {
        "opencode-darwin-arm64": "1.18.31",
        "opencode-darwin-x64": "1.18.31",
        "opencode-darwin-x64-baseline": "1.18.31",
        "opencode-linux-arm64": "1.18.31",
        "opencode-linux-arm64-musl": "1.18.31",
        "opencode-linux-x64": "1.18.31",
        "opencode-linux-x64-baseline": "1.18.31",
        "opencode-linux-x64-baseline-musl": "1.18.31",
        "opencode-linux-x64-musl": "1.18.31",
        "opencode-windows-arm64": "1.18.31",
        "opencode-windows-x64": "1.18.31",
        "opencode-windows-x64-baseline": "1.18.31"
      }
    },
    "node_modules/opencode-darwin-arm64": {
      "version": "1.18.31",
      "resolved": "https://registry.npmjs.org/opencode-darwin-arm64/-/opencode-darwin-arm64-1.18.31.tgz",
      "integrity": "sha512-IN642oFENleWVDNqMnXi8NQLsZnA8hMswJ6X+GWz+CfBFuCpotjDb5OHgE2HBdC6r5wjG6v0mATb+Mn8xXCp1A==",
      "cpu": [
        "arm64"
      ],
      "optional": true,
      "os": [
        "darwin"
      ]
    },
    "node_modules/opencode-darwin-x64": {
      "version": "1.18.31",
      "resolved": "https://registry.npmjs.org/opencode-darwin-x64/-/opencode-darwin-x64-1.18.31.tgz",
      "integrity": "sha512-xrw512dou9Drxs/1yH4CHEt/kvrSl8j1Ulez0wTOsW0lWZaATJMnlfHBjagWzv+QWIC4nz/cBgYzjn3JvxS7zQ==",
      "cpu": [
        "x64"
      ],
      "optional": true,
      "os": [
        "darwin"
      ]
    },
    "node_modules/opencode-darwin-x64-baseline": {
      "version": "1.18.31",
      "resolved": "https://registry.npmjs.org/opencode-darwin-x64-baseline/-/opencode-darwin-x64-baseline-1.18.31.tgz",
      "integrity": "sha512-4/4UMyPhsIeHln3AT3bxBvrWC+cmbOcdGOeBfoeOQIWcNZ3ycSvFnoJdLX969p9CtR6oNtroaQoNKZHgzSqg6A==",
      "cpu": [
        "x64"
      ],
      "optional": true,
      "os": [
        "darwin"
      ]
    },
    "node_modules/opencode-linux-arm64": {
      "version": "1.18.31",
      "resolved": "https://registry.npmjs.org/opencode-linux-arm64/-/opencode-linux-arm64-1.18.31.tgz",
      "integrity": "sha512-tLTZlOeWz4u48WQWg7PhKTn4gIXPHf7xaiWSHcmci1O3qKXEDLv/TaMzmqIuMChdwtflu2PSNIC00W+Hij/IkA==",
      "cpu": [
        "arm64"
      ],
      "optional": true,
      "os": [
        "linux"
      ]
    },
    "node_modules/opencode-linux-arm64-musl": {
      "version": "1.18.31",
      "resolved": "https://registry.npmjs.org/opencode-linux-arm64-musl/-/opencode-linux-arm64-musl-1.18.31.tgz",
      "integrity": "sha512-qeEg7HsYupDeLkFqr+QNIgcE4kVRPycb/7ymyYUffSg+z2A6fU065pvU6uaZ+LjIzdJaZHUe1wDQvrSP/EJAqg==",
      "cpu": [
        "arm64"
      ],
      "libc": [
        "musl"
      ],
      "optional": true,
      "os": [
        "linux"
      ]
    },
    "node_modules/opencode-linux-x64": {
      "version": "1.18.31",
      "resolved": "https://registry.npmjs.org/opencode-linux-x64/-/opencode-linux-x64-1.18.31.tgz",
      "integrity": "sha512-gTJ5nGNq+KJblwmeusEdz8YFwvkV7a3xTOV9EKKEmsv0Lkbajq/oQO9jEC0sMiS66mjHDOrhLgIUxSVqfLBM8g==",
      "cpu": [
        "x64"
      ],
      "optional": true,
      "os": [
        "linux"
      ]
    },
    "node_modules/opencode-linux-x64-baseline": {
      "version": "1.18.31",
      "resolved": "https://registry.npmjs.org/opencode-linux-x64-baseline/-/opencode-linux-x64-baseline-1.18.31.tgz",
      "integrity": "sha512-T/hyCHb7gSCuJzLDXs8YfEhjelUes2zkWFPTGEdBPqV/eKrKbEo9U1YdA/WvntjXv0I6k+blZEID54QIcF7Djw==",
      "cpu": [
        "x64"
      ],
      "optional": true,
      "os": [
        "linux"
      ]
    },
    "node_modules/opencode-linux-x64-baseline-musl": {
      "version": "1.18.31",
      "resolved": "https://registry.npmjs.org/opencode-linux-x64-baseline-musl/-/opencode-linux-x64-baseline-musl-1.18.31.tgz",
      "integrity": "sha512-gZ9TkeoIkckNZjDRreHj0sQk91uRQTgeuMCIZgSKewHN1fq/jjQHMzSAI0HevPEov9O2cDRRzPBF4cppzc+AYg==",
      "cpu": [
        "x64"
      ],
      "libc": [
        "musl"
      ],
      "optional": true,
      "os": [
        "linux"
      ]
    },
    "node_modules/opencode-linux-x64-musl": {
      "version": "1.18.31",
      "resolved": "https://registry.npmjs.org/opencode-linux-x64-musl/-/opencode-linux-x64-musl-1.18.31.tgz",
      "integrity": "sha512-TxKfcJII53MZ17NSrJ0p51wx0dJtZrX8By60N5O5/M+eP0oO4jCXKIkdBpP/Bku44gm8QZkTNLBWpPc2OTJweg==",
      "cpu": [
        "x64"
      ],
      "libc": [
        "musl"
      ],
      "optional": true,
      "os": [
        "linux"
      ]
    },
    "node_modules/opencode-windows-arm64": {
      "version": "1.18.31",
      "resolved": "https://registry.npmjs.org/opencode-windows-arm64/-/opencode-windows-arm64-1.18.31.tgz",
      "integrity": "sha512-K+Dh5r5yLQJ6Maeo1+JhQr27Un6lzUIWEp3LGoeXSfLkcSqi7ueTecGbg7HAbtEIY5a9j3yNCS3//AjgTcZa+w==",
      "cpu": [
        "arm64"
      ],
      "optional": true,
      "os": [
        "win32"
      ]
    },
    "node_modules/opencode-windows-x64": {
      "version": "1.18.31",
      "resolved": "https://registry.npmjs.org/opencode-windows-x64/-/opencode-windows-x64-1.18.31.tgz",
      "integrity": "sha512-1Za7uKeGLonNUkUIGHD7xfV5omi7ju/7z2WYfS5YvDLTr1iU/W1PPVHzHXiwiyV4gMxsWGwHHLubWdH99D7pSA==",
      "cpu": [
        "x64"
      ],
      "optional": true,
      "os": [
        "win32"
      ]
    },
    "node_modules/opencode-windows-x64-baseline": {
      "version": "1.18.31",
      "resolved": "https://registry.npmjs.org/opencode-windows-x64-baseline/-/opencode-windows-x64-baseline-1.18.31.tgz",
      "integrity": "sha512-wz5K8SpL+GTKez4BpYX1AbhRwBY7AVt+95ijWZrow84ibLTDoZ1skEsN5UUcQJ8LYeC+o1Vq0xi4A5kLGfvQ0w==",
      "cpu": [
        "x64"
      ],
      "optional": true,
      "os": [
        "win32"
      ]
    }
  }
}
