{
  "name": "zerocool-agent-tools",
  "lockfileVersion": 3,
  "requires": true,
  "packages": {
    "": {
      "name": "zerocool-agent-tools",
      "dependencies": {
        "opencode-ai": "1.18.25"
      }
    },
    "node_modules/opencode-ai": {
      "version": "1.18.25",
      "resolved": "https://registry.npmjs.org/opencode-ai/-/opencode-ai-1.18.25.tgz",
      "integrity": "sha512-pS4RKJ9eKwU7Dp5G5pdj1rhMnpG5APixXzfTKNoFqv9aFVI36Rnza2jESvKifxyPZlsA65MQB03WCArY0EK6mg==",
      "cpu": [
        "arm64",
        "x64"
      ],
      "hasInstallScript": true,
      "license": "MIT",
      "os": [
        "darwin",
        "linux",
        "win32"
      ],
      "bin": {
        "opencode": "bin/opencode.exe"
      },
      "optionalDependencies": {
        "opencode-darwin-arm64": "1.18.25",
        "opencode-darwin-x64": "1.18.25",
        "opencode-darwin-x64-baseline": "1.18.25",
        "opencode-linux-arm64": "1.18.25",
        "opencode-linux-arm64-musl": "1.18.25",
        "opencode-linux-x64": "1.18.25",
        "opencode-linux-x64-baseline": "1.18.25",
        "opencode-linux-x64-baseline-musl": "1.18.25",
        "opencode-linux-x64-musl": "1.18.25",
        "opencode-windows-arm64": "1.18.25",
        "opencode-windows-x64": "1.18.25",
        "opencode-windows-x64-baseline": "1.18.25"
      }
    },
    "node_modules/opencode-darwin-arm64": {
      "version": "1.18.25",
      "resolved": "https://registry.npmjs.org/opencode-darwin-arm64/-/opencode-darwin-arm64-1.18.25.tgz",
      "integrity": "sha512-W4dyMFtHBglWZ1SEooh3Ke9v1M9lv945Y58atb8e1yKII8YykJ8LknOFyKipYC028oPDO4IZc3GYGKbg9PCg2w==",
      "cpu": [
        "arm64"
      ],
      "optional": true,
      "os": [
        "darwin"
      ]
    },
    "node_modules/opencode-darwin-x64": {
      "version": "1.18.25",
      "resolved": "https://registry.npmjs.org/opencode-darwin-x64/-/opencode-darwin-x64-1.18.25.tgz",
      "integrity": "sha512-YYKrfeUSJhD7hZl+yNmayS51sDwxiE9o5XwrfgYSSie6sOyHFc9Ei13VBkVU6T+IJHhFhTahOFAwSDxggrAnGA==",
      "cpu": [
        "x64"
      ],
      "optional": true,
      "os": [
        "darwin"
      ]
    },
    "node_modules/opencode-darwin-x64-baseline": {
      "version": "1.18.25",
      "resolved": "https://registry.npmjs.org/opencode-darwin-x64-baseline/-/opencode-darwin-x64-baseline-1.18.25.tgz",
      "integrity": "sha512-rRgTaoTeIN2diL1e1HGZ48Zh4ynMDEB1jYjD76LaFUVzMwakEY1i7NvG8e/rbjRMDkgXIr6TwzCtIMcMOpLQMA==",
      "cpu": [
        "x64"
      ],
      "optional": true,
      "os": [
        "darwin"
      ]
    },
    "node_modules/opencode-linux-arm64": {
      "version": "1.18.25",
      "resolved": "https://registry.npmjs.org/opencode-linux-arm64/-/opencode-linux-arm64-1.18.25.tgz",
      "integrity": "sha512-PMvcpFpha3yAhaVCC0QbegHPxsEZ0FuQf+52PXvqQut1r3w1l1Pilor9tUA7TyCRa4UokACI90nTmKmtMnQBag==",
      "cpu": [
        "arm64"
      ],
      "optional": true,
      "os": [
        "linux"
      ]
    },
    "node_modules/opencode-linux-arm64-musl": {
      "version": "1.18.25",
      "resolved": "https://registry.npmjs.org/opencode-linux-arm64-musl/-/opencode-linux-arm64-musl-1.18.25.tgz",
      "integrity": "sha512-IwIPKmNwIjLshlSgjoRLKFwxxiLpZ5Y0zjv6r456RQtJKK62IbYGXkCm3AiSZ/lqGsu3XF+xn/Xza29ivgpgcg==",
      "cpu": [
        "arm64"
      ],
      "optional": true,
      "os": [
        "linux"
      ]
    },
    "node_modules/opencode-linux-x64": {
      "version": "1.18.25",
      "resolved": "https://registry.npmjs.org/opencode-linux-x64/-/opencode-linux-x64-1.18.25.tgz",
      "integrity": "sha512-bdRSJ6gbK/EnLNWxROOQYXFXiUeqeFxGz8DIO8LCqnii99A2OWFAyZ3Da5gpvfT1Yrp9/lYL55n/tM3ale5smg==",
      "cpu": [
        "x64"
      ],
      "optional": true,
      "os": [
        "linux"
      ]
    },
    "node_modules/opencode-linux-x64-baseline": {
      "version": "1.18.25",
      "resolved": "https://registry.npmjs.org/opencode-linux-x64-baseline/-/opencode-linux-x64-baseline-1.18.25.tgz",
      "integrity": "sha512-+b0w7XyHx0XPQWHBk2JymXbXnyZQ2PjIPuu4a4QJgSUqGuGz1L2flA3wgpZVAWFUhrEIr9DFhBk3AkKKNgMuRw==",
      "cpu": [
        "x64"
      ],
      "optional": true,
      "os": [
        "linux"
      ]
    },
    "node_modules/opencode-linux-x64-baseline-musl": {
      "version": "1.18.25",
      "resolved": "https://registry.npmjs.org/opencode-linux-x64-baseline-musl/-/opencode-linux-x64-baseline-musl-1.18.25.tgz",
      "integrity": "sha512-E2JUeOOSXPbG1cNOzxnqjqkd0a3+oFmwkbJe6bZ308CFgLWBFfVh0fF42HTCEqfK+yYbidpEkQuEkUgxq/11IA==",
      "cpu": [
        "x64"
      ],
      "optional": true,
      "os": [
        "linux"
      ]
    },
    "node_modules/opencode-linux-x64-musl": {
      "version": "1.18.25",
      "resolved": "https://registry.npmjs.org/opencode-linux-x64-musl/-/opencode-linux-x64-musl-1.18.25.tgz",
      "integrity": "sha512-W15qTNDz1fsTzs1SkE6bB/gpIDBF3rwDbewUKdbyXD3dVs6umyugOql1T4u9n/gqWa/Z/VDURbn39VsejeSdbQ==",
      "cpu": [
        "x64"
      ],
      "optional": true,
      "os": [
        "linux"
      ]
    },
    "node_modules/opencode-windows-arm64": {
      "version": "1.18.25",
      "resolved": "https://registry.npmjs.org/opencode-windows-arm64/-/opencode-windows-arm64-1.18.25.tgz",
      "integrity": "sha512-GFp74pProoPwqktHMf+9wQ8fza1RvFt0RG0iRtTQnJ4VWVY62qEeVuJkH6ki9QXS270HXyqtxvF8AuHQzuVZlA==",
      "cpu": [
        "arm64"
      ],
      "optional": true,
      "os": [
        "win32"
      ]
    },
    "node_modules/opencode-windows-x64": {
      "version": "1.18.25",
      "resolved": "https://registry.npmjs.org/opencode-windows-x64/-/opencode-windows-x64-1.18.25.tgz",
      "integrity": "sha512-xW5wtSxWYbI7DcmQWMlNWIiDBdMJON1vDiEmVWo88R9tT/PaahOhWKgp7FoWDqJKf89jS3ZIzkqnkU3F2dio7A==",
      "cpu": [
        "x64"
      ],
      "optional": true,
      "os": [
        "win32"
      ]
    },
    "node_modules/opencode-windows-x64-baseline": {
      "version": "1.18.25",
      "resolved": "https://registry.npmjs.org/opencode-windows-x64-baseline/-/opencode-windows-x64-baseline-1.18.25.tgz",
      "integrity": "sha512-/28bGRQwT+2JdGbtGaNr95tstgysiULEXtcvgNg7yLDxitqmSVgd8V8XRGS0UWDdfiWWMND9A9T5EAsbF1/xDQ==",
      "cpu": [
        "x64"
      ],
      "optional": true,
      "os": [
        "win32"
      ]
    }
  }
}
