{
  "name": "zerocool-agent-tools",
  "lockfileVersion": 3,
  "requires": true,
  "packages": {
    "": {
      "name": "zerocool-agent-tools",
      "dependencies": {
        "opencode-ai": "1.18.27"
      }
    },
    "node_modules/opencode-ai": {
      "version": "1.18.27",
      "resolved": "https://registry.npmjs.org/opencode-ai/-/opencode-ai-1.18.27.tgz",
      "integrity": "sha512-5xrG2gQEwV2sLus30SZX9GyLbPX3z57BCxddedDM0wx1bgnwlHVLOS/FD2uve7fEZlmkr7KYFbvs65ySz1rwzA==",
      "cpu": [
        "arm64",
        "x64"
      ],
      "hasInstallScript": true,
      "license": "MIT",
      "os": [
        "darwin",
        "linux",
        "win32"
      ],
      "bin": {
        "opencode": "bin/opencode.exe"
      },
      "optionalDependencies": {
        "opencode-darwin-arm64": "1.18.27",
        "opencode-darwin-x64": "1.18.27",
        "opencode-darwin-x64-baseline": "1.18.27",
        "opencode-linux-arm64": "1.18.27",
        "opencode-linux-arm64-musl": "1.18.27",
        "opencode-linux-x64": "1.18.27",
        "opencode-linux-x64-baseline": "1.18.27",
        "opencode-linux-x64-baseline-musl": "1.18.27",
        "opencode-linux-x64-musl": "1.18.27",
        "opencode-windows-arm64": "1.18.27",
        "opencode-windows-x64": "1.18.27",
        "opencode-windows-x64-baseline": "1.18.27"
      }
    },
    "node_modules/opencode-darwin-arm64": {
      "version": "1.18.27",
      "resolved": "https://registry.npmjs.org/opencode-darwin-arm64/-/opencode-darwin-arm64-1.18.27.tgz",
      "integrity": "sha512-Vkxv2Q0Ne5fKpB/6kyv3fgVuS4PObVlWWYpyC+O39iaSQSFmYoKn2CmXRid0RVXIku6z4GSgv2TpINJXlGGMNA==",
      "cpu": [
        "arm64"
      ],
      "optional": true,
      "os": [
        "darwin"
      ]
    },
    "node_modules/opencode-darwin-x64": {
      "version": "1.18.27",
      "resolved": "https://registry.npmjs.org/opencode-darwin-x64/-/opencode-darwin-x64-1.18.27.tgz",
      "integrity": "sha512-ypweBfeKS8E+fEG3F1SKrctxK2ecmwOwdGaPTbyVXj6hnI3FUvVscfMHS1xDLts/qGbhNQ0yCcfgs6iEgd/zKw==",
      "cpu": [
        "x64"
      ],
      "optional": true,
      "os": [
        "darwin"
      ]
    },
    "node_modules/opencode-darwin-x64-baseline": {
      "version": "1.18.27",
      "resolved": "https://registry.npmjs.org/opencode-darwin-x64-baseline/-/opencode-darwin-x64-baseline-1.18.27.tgz",
      "integrity": "sha512-ZJCx6aq4sjsG+4gTgZ2NrZemfKlngIePb+IvfJRRv6J838HxOi6JjIbv/vIY1dN70AUaK8wj68zVrDjPXDBNVQ==",
      "cpu": [
        "x64"
      ],
      "optional": true,
      "os": [
        "darwin"
      ]
    },
    "node_modules/opencode-linux-arm64": {
      "version": "1.18.27",
      "resolved": "https://registry.npmjs.org/opencode-linux-arm64/-/opencode-linux-arm64-1.18.27.tgz",
      "integrity": "sha512-6PPJ+m5kuzA7uUS+Kem6+h2Nn0Dl2siz7B36h/9Y21ga3WNN6a0klo2Obu+Vbq63i8Th2XRFflvsi/r5u76PcA==",
      "cpu": [
        "arm64"
      ],
      "optional": true,
      "os": [
        "linux"
      ]
    },
    "node_modules/opencode-linux-arm64-musl": {
      "version": "1.18.27",
      "resolved": "https://registry.npmjs.org/opencode-linux-arm64-musl/-/opencode-linux-arm64-musl-1.18.27.tgz",
      "integrity": "sha512-Il0Ft+TJrB7UdrzHe+DlY70Y+FLIORobg4uFFHQy8vRrG370WTpQtoml6eksxzwrTNtUozIOaLuK1FNvoI2zPg==",
      "cpu": [
        "arm64"
      ],
      "libc": [
        "musl"
      ],
      "optional": true,
      "os": [
        "linux"
      ]
    },
    "node_modules/opencode-linux-x64": {
      "version": "1.18.27",
      "resolved": "https://registry.npmjs.org/opencode-linux-x64/-/opencode-linux-x64-1.18.27.tgz",
      "integrity": "sha512-hxoPQCv6z/iYh3f8ZlAhJQ0RgzfJZQNOM1ZLRkx7juiZBmtLQLgFtDRiFNhqOKlKgDWsg131fOEEWwsT778aWA==",
      "cpu": [
        "x64"
      ],
      "optional": true,
      "os": [
        "linux"
      ]
    },
    "node_modules/opencode-linux-x64-baseline": {
      "version": "1.18.27",
      "resolved": "https://registry.npmjs.org/opencode-linux-x64-baseline/-/opencode-linux-x64-baseline-1.18.27.tgz",
      "integrity": "sha512-XM3OUFc9X3x7CFb2pgbfgFCKvzT3bj+KugBB7IQMff/kNE3R2msq6HzZQnPnGe6Gm5nl6hgIOT8pSi7Oyn0pGw==",
      "cpu": [
        "x64"
      ],
      "optional": true,
      "os": [
        "linux"
      ]
    },
    "node_modules/opencode-linux-x64-baseline-musl": {
      "version": "1.18.27",
      "resolved": "https://registry.npmjs.org/opencode-linux-x64-baseline-musl/-/opencode-linux-x64-baseline-musl-1.18.27.tgz",
      "integrity": "sha512-ov+sRE0qMr+Y0QO6YUZw8IlvsasMw3CpxgT0eH4YyPJdG11XkZ58kxiQLA38Y/2mrwTwBFfMNJsYHl2cuXGsmA==",
      "cpu": [
        "x64"
      ],
      "libc": [
        "musl"
      ],
      "optional": true,
      "os": [
        "linux"
      ]
    },
    "node_modules/opencode-linux-x64-musl": {
      "version": "1.18.27",
      "resolved": "https://registry.npmjs.org/opencode-linux-x64-musl/-/opencode-linux-x64-musl-1.18.27.tgz",
      "integrity": "sha512-SHxcbT7I/44pCKKDbdFnE2L7Viip34qZGZcBEJApS9aHcOayQTYcpL/9Oz5fti843VR1CN6WXPW3+a+NIemotQ==",
      "cpu": [
        "x64"
      ],
      "libc": [
        "musl"
      ],
      "optional": true,
      "os": [
        "linux"
      ]
    },
    "node_modules/opencode-windows-arm64": {
      "version": "1.18.27",
      "resolved": "https://registry.npmjs.org/opencode-windows-arm64/-/opencode-windows-arm64-1.18.27.tgz",
      "integrity": "sha512-MSvvd9/qergkSQEVM8k2ipxbaRjZcw4MlQcnFiwQbg41BdRgE9iwZOBk2EVFql6jyidzXBcxiQvsCvOz8ksy9Q==",
      "cpu": [
        "arm64"
      ],
      "optional": true,
      "os": [
        "win32"
      ]
    },
    "node_modules/opencode-windows-x64": {
      "version": "1.18.27",
      "resolved": "https://registry.npmjs.org/opencode-windows-x64/-/opencode-windows-x64-1.18.27.tgz",
      "integrity": "sha512-lbjyfjb2B0bTI56lw4bI8Aik2VBEmdLokW6xPit5Y89ZJw4o0gvbHabDylnbM06eBHarz/flvR8VE1PfAoxpqg==",
      "cpu": [
        "x64"
      ],
      "optional": true,
      "os": [
        "win32"
      ]
    },
    "node_modules/opencode-windows-x64-baseline": {
      "version": "1.18.27",
      "resolved": "https://registry.npmjs.org/opencode-windows-x64-baseline/-/opencode-windows-x64-baseline-1.18.27.tgz",
      "integrity": "sha512-jsnQOYRNekibOFaDcxpf8GCbsQm9eTdqmt4HAQskwttgoSFTVs/RBRntz61yXg3ki/2xWDLezJg+hr/QpPFnUA==",
      "cpu": [
        "x64"
      ],
      "optional": true,
      "os": [
        "win32"
      ]
    }
  }
}
