lockfileVersion: '9.0'

settings:
  autoInstallPeers: true
  excludeLinksFromLockfile: false

importers:

  .:
    devDependencies:
      '@types/node':
        specifier: ^22.0.0
        version: 22.20.1
      oxlint:
        specifier: ^1.78.0
        version: 1.78.0
      typescript:
        specifier: ^5.6.0
        version: 5.9.3

  packages/opencode-gibson:
    dependencies:
      '@zerocool/sdk':
        specifier: git+ssh://git@github.com/zeroroot-ai/sdk-ts.git#d582489ab0cdd742a4b034428a27a80abb286c89
        version: git+https://git@github.com:zeroroot-ai/sdk-ts.git#d582489ab0cdd742a4b034428a27a80abb286c89
    devDependencies:
      '@opencode-ai/plugin':
        specifier: ^1.18.11
        version: 1.18.11

  packages/opencode-gibson-exec:
    dependencies:
      '@zerocool/sdk':
        specifier: git+ssh://git@github.com/zeroroot-ai/sdk-ts.git#d582489ab0cdd742a4b034428a27a80abb286c89
        version: git+https://git@github.com:zeroroot-ai/sdk-ts.git#d582489ab0cdd742a4b034428a27a80abb286c89
    devDependencies:
      '@opencode-ai/plugin':
        specifier: ^1.18.11
        version: 1.18.11

  packages/opencode-gibson-sessions:
    dependencies:
      '@zerocool/sdk':
        specifier: git+ssh://git@github.com/zeroroot-ai/sdk-ts.git#d582489ab0cdd742a4b034428a27a80abb286c89
        version: git+https://git@github.com:zeroroot-ai/sdk-ts.git#d582489ab0cdd742a4b034428a27a80abb286c89
    devDependencies:
      '@opencode-ai/plugin':
        specifier: ^1.18.11
        version: 1.18.11

packages:

  '@ai-sdk/provider@3.0.8':
    resolution: {integrity: sha512-oGMAgGoQdBXbZqNG0Ze56CHjDZ1IDYOwGYxYjO5KLSlz5HiNQ9udIXsPZ61VWaHGZ5XW/jyjmr6t2xz2jGVwbQ==}
    engines: {node: '>=18'}

  '@bufbuild/protobuf@2.13.0':
    resolution: {integrity: sha512-acq7c49vxfm1ggJ95P70TX7ABDM0vxr1SYD3BB0o0jnBLB4OAqeHyKuN+cD3w80gXEDQ2zxHpR6CUeA+O/aU9g==}

  '@connectrpc/connect-node@2.1.2':
    resolution: {integrity: sha512-+i/aAOpsI8sIx1mbYp6d99zvxaUSF6t/jP9Ux9maAmjsZPgmIQ3JuIeYi0zJIP9zlCnBlJjkpPosshCgdRuThQ==}
    engines: {node: '>=20'}
    peerDependencies:
      '@bufbuild/protobuf': ^2.7.0
      '@connectrpc/connect': 2.1.2

  '@connectrpc/connect@2.1.2':
    resolution: {integrity: sha512-MXkBijtcX09R10Eb6sFeIetc6w6746eio6xtfuyVOH7oQAacT1X0GzMIQFux6Qy8cq3W/T5qX5Bei8YbFtmRGA==}
    peerDependencies:
      '@bufbuild/protobuf': ^2.7.0

  '@msgpackr-extract/msgpackr-extract-darwin-arm64@3.0.4':
    resolution: {integrity: sha512-LCkGo6JDfaBhgST7UpPWgNgLINpcpabaHfyz5OBx75nUYxBsaEPxjnyNjWpeb/xBup/682QnBfRBy2/LvPutZQ==}
    cpu: [arm64]
    os: [darwin]

  '@msgpackr-extract/msgpackr-extract-darwin-x64@3.0.4':
    resolution: {integrity: sha512-zExlW9zUJKZH/tOtVMttwjKa4Xm/3KcNjnE3dPN92uCktwavMxpgCA3MoJK/DOnTWsQgo224OaST27/mPNAf+w==}
    cpu: [x64]
    os: [darwin]

  '@msgpackr-extract/msgpackr-extract-linux-arm64@3.0.4':
    resolution: {integrity: sha512-dgX0P/9wGPJeHFBG+ZmhgE6bmtMt7NP5CRBGyyktpopdk/mW4POnrpQsSLtKI1dwpc+pPLuXHDh6vvskyQE/sw==}
    cpu: [arm64]
    os: [linux]

  '@msgpackr-extract/msgpackr-extract-linux-arm@3.0.4':
    resolution: {integrity: sha512-Tg3yX65f5GbtXLkrYEHE5oibZG9epyYWas7FogTTEJeDEF9JlXJzKgXaNhT3UXlTOeA+AfZpYZYZ0uPj7Cfquw==}
    cpu: [arm]
    os: [linux]

  '@msgpackr-extract/msgpackr-extract-linux-x64@3.0.4':
    resolution: {integrity: sha512-8TNXMEjJc3QEy7R/x1INhgiU+XakDAFUzBhaz7+Rbrs8NH5UQeHQxxmzsSBJGyV6I1jW79undiQm8tOI+D+8FQ==}
    cpu: [x64]
    os: [linux]

  '@msgpackr-extract/msgpackr-extract-win32-x64@3.0.4':
    resolution: {integrity: sha512-CmCXPQrkbwExx3j946/PtHWHbYJiCRBRDl4BlkRQcJB/YOwQxJRTpoo7aTsortjgoJ1x7opzTSxn7C+ASSLVjQ==}
    cpu: [x64]
    os: [win32]

  '@opencode-ai/plugin@1.18.11':
    resolution: {integrity: sha512-mgn7+YO2J5tM2sWtV8pPBz6Lz6vWZswBOjUWssLvGaxKPuHR60sZ3Py4/tjI9RNl74aB4lhI0NUlanuWZS8NfA==}
    peerDependencies:
      '@opentui/core': '>=0.4.5'
      '@opentui/keymap': '>=0.4.5'
      '@opentui/solid': '>=0.4.5'
    peerDependenciesMeta:
      '@opentui/core':
        optional: true
      '@opentui/keymap':
        optional: true
      '@opentui/solid':
        optional: true

  '@opencode-ai/sdk@1.18.11':
    resolution: {integrity: sha512-yDImmNv4PhxdMgtiHVNWQWEVwQlAm7Dr0y4XU7CT4dOIbzgO+VP+9I02lAP7Zva1FhGeyI7oKMI2tzB9RUsWaQ==}

  '@oxlint/binding-android-arm-eabi@1.78.0':
    resolution: {integrity: sha512-Bu819lmAfZMUHErrpe0cEWj3iaefuUODHSU8+UbXy67V/r7/7f4K3FL0NmbD85E+wiFLDYuhP8Zlv0XnVeXshw==}
    engines: {node: ^20.19.0 || >=22.12.0}
    cpu: [arm]
    os: [android]

  '@oxlint/binding-android-arm64@1.78.0':
    resolution: {integrity: sha512-CDfxZgB61B7buRdY2FJoAYYPPXCZ1EoC1LKscnC5dg3kjobdxiconvAvvN1BmHyW4PyFT3jRLDag/BY/roSNBQ==}
    engines: {node: ^20.19.0 || >=22.12.0}
    cpu: [arm64]
    os: [android]

  '@oxlint/binding-darwin-arm64@1.78.0':
    resolution: {integrity: sha512-2Y2U9Ahrz+OO0Ej88f9SJYq51/jUBp1Mc7iZu0ukrbeeZ3gpRGfzIFnoqfHDY96xr0GEfNrPUBFEy0nN5aD7HA==}
    engines: {node: ^20.19.0 || >=22.12.0}
    cpu: [arm64]
    os: [darwin]

  '@oxlint/binding-darwin-x64@1.78.0':
    resolution: {integrity: sha512-rpych6eJq6m9jDRypTEaPD1xysaEW5h9+xuxhGK/QhOg+/xaqPZrCrTNoIl/f3nEjuJeCEmstNDlrE9rJi/3/g==}
    engines: {node: ^20.19.0 || >=22.12.0}
    cpu: [x64]
    os: [darwin]

  '@oxlint/binding-freebsd-x64@1.78.0':
    resolution: {integrity: sha512-IcMGrQT3QizkOESUJd5et+rOhVqSkNDfNik1cvrKDqIbzqx9KMtRswpFgkCuNTSwylCFLKhGUu8KmqY1ZnC0Dg==}
    engines: {node: ^20.19.0 || >=22.12.0}
    cpu: [x64]
    os: [freebsd]

  '@oxlint/binding-linux-arm-gnueabihf@1.78.0':
    resolution: {integrity: sha512-/uLdoJ0IXE6vo/0f0LKjinQAp+re+VMaCWaNT8ENIv2EOCkSsc8SGaflXAuW0Jua2dq5+GLVWm1NQK7P3UFSNQ==}
    engines: {node: ^20.19.0 || >=22.12.0}
    cpu: [arm]
    os: [linux]

  '@oxlint/binding-linux-arm-musleabihf@1.78.0':
    resolution: {integrity: sha512-7xi4Wb/O8NRJhLoUXmDJMUVpNYvB5kefdhFU1Jb8rtae4QoXlTiLwI14X4YvAXVZLNZChP8m5qO9SQAlWQTbkQ==}
    engines: {node: ^20.19.0 || >=22.12.0}
    cpu: [arm]
    os: [linux]

  '@oxlint/binding-linux-arm64-gnu@1.78.0':
    resolution: {integrity: sha512-4hFW0+fVXa3OIh1Y4A5SPkmvI4wuuBSrCVKzOyE7PTjhc7yEqZ1pmvEEeS5Lj/MaqvegFxXyF33N+6jkehxdyg==}
    engines: {node: ^20.19.0 || >=22.12.0}
    cpu: [arm64]
    os: [linux]
    libc: [glibc]

  '@oxlint/binding-linux-arm64-musl@1.78.0':
    resolution: {integrity: sha512-oC0mvsgBJjlMijSDEhx9KuvR9zYeHXceA9MjbuXB1F8NSR78Yj2unOBrstEvTVaq+pko+kuue6DajC00eqvTdg==}
    engines: {node: ^20.19.0 || >=22.12.0}
    cpu: [arm64]
    os: [linux]
    libc: [musl]

  '@oxlint/binding-linux-ppc64-gnu@1.78.0':
    resolution: {integrity: sha512-XAllT5SUZS+ohjuZ3/5S0cwe0r7eboiuigeStCZ5DXRYx/2KVM2UvQXvAfyzXEimtQjAB7cDQ2YxDe2Zl2WNQQ==}
    engines: {node: ^20.19.0 || >=22.12.0}
    cpu: [ppc64]
    os: [linux]
    libc: [glibc]

  '@oxlint/binding-linux-riscv64-gnu@1.78.0':
    resolution: {integrity: sha512-trucMER/0QtecoXvc1y/UVqE3kwJipDwrx4oHfj+nNm3dq2zjP44WT0CfHNDPM3G1DXIkx/gY6lAD21NSCZVhA==}
    engines: {node: ^20.19.0 || >=22.12.0}
    cpu: [riscv64]
    os: [linux]
    libc: [glibc]

  '@oxlint/binding-linux-riscv64-musl@1.78.0':
    resolution: {integrity: sha512-cm3O4F/HQbdzOUX5mKHqG5KDL6E5w0pnlZ+fbBy2rmLryPOowkuLagFHTopQsEIpjcaZoPOrL+BmmAytAG9HFg==}
    engines: {node: ^20.19.0 || >=22.12.0}
    cpu: [riscv64]
    os: [linux]
    libc: [musl]

  '@oxlint/binding-linux-s390x-gnu@1.78.0':
    resolution: {integrity: sha512-33wRf6HqGNsybJ3qX4cGaQN2ODPxNmc1rMa0mrTmx3eFq1VzOnvQooi9bIGVYakW8a/wmqVx1mgsUm8R2xfTiw==}
    engines: {node: ^20.19.0 || >=22.12.0}
    cpu: [s390x]
    os: [linux]
    libc: [glibc]

  '@oxlint/binding-linux-x64-gnu@1.78.0':
    resolution: {integrity: sha512-rRdISSYegj6VganMZ9tjRjijowfHJ09IZU01i0toBAqr6n5LEtwHq2IeS4FjW2RoskOHlb6efB26H5izYb3GEQ==}
    engines: {node: ^20.19.0 || >=22.12.0}
    cpu: [x64]
    os: [linux]
    libc: [glibc]

  '@oxlint/binding-linux-x64-musl@1.78.0':
    resolution: {integrity: sha512-GmsP4rW0xTL6u5CVdcDsaN5Fbc7hBc382Wmar1kttbnwSEviM+rSINKOMQ+UQ6iH+AGwC+8gaAiwu134Tgh6Lg==}
    engines: {node: ^20.19.0 || >=22.12.0}
    cpu: [x64]
    os: [linux]
    libc: [musl]

  '@oxlint/binding-openharmony-arm64@1.78.0':
    resolution: {integrity: sha512-sy9yeYuADc8a+n4TLBayzMCZiHPW78DcIFVpOXTmdKHWQeM9xe5uzkqIIZmi326D5hY9XVwacipEB1p7tQjPAg==}
    engines: {node: ^20.19.0 || >=22.12.0}
    cpu: [arm64]
    os: [openharmony]

  '@oxlint/binding-win32-arm64-msvc@1.78.0':
    resolution: {integrity: sha512-rjc2hF1KfMi8fZj1X/m3AmnHbdsF3rL0v6KQg0Uc880Yb2khjz+3U14sfdZ7jWTpRnN1m1NQa/TT7uU9lJWPrA==}
    engines: {node: ^20.19.0 || >=22.12.0}
    cpu: [arm64]
    os: [win32]

  '@oxlint/binding-win32-ia32-msvc@1.78.0':
    resolution: {integrity: sha512-zcuXFVrEFHIafRfkCQT8w/Xe41o07ozl/vwHq7p94vB29xVzsB0sZGYORU1jhcYKv3Lr0J3HbJ2T4fHH5rWmvA==}
    engines: {node: ^20.19.0 || >=22.12.0}
    cpu: [ia32]
    os: [win32]

  '@oxlint/binding-win32-x64-msvc@1.78.0':
    resolution: {integrity: sha512-Sb5ocmLSuYeOuXd+CFOToGKp/gjXUEWDnvIGwhnh8aq8wY4TMmEnKnvbogSW7RdMZv77JSARduS7/gv+khYEjA==}
    engines: {node: ^20.19.0 || >=22.12.0}
    cpu: [x64]
    os: [win32]

  '@standard-schema/spec@1.1.0':
    resolution: {integrity: sha512-l2aFy5jALhniG5HgqrD6jXLi/rUWrKvqN/qJx6yoJsgKhblVd+iqqU4RCXavm/jPityDo5TCvKMnpjKnOriy0w==}

  '@types/node@22.20.1':
    resolution: {integrity: sha512-EANqOCF9QFyra+4pfxUcX9STKJpCLjMbObVzljIJomAWSnuSIEAvyzEU53GaajbXJEgdh0iEcPL+DGvpUd4k1Q==}

  '@zerocool/sdk@git+https://git@github.com:zeroroot-ai/sdk-ts.git#d582489ab0cdd742a4b034428a27a80abb286c89':
    resolution: {commit: d582489ab0cdd742a4b034428a27a80abb286c89, repo: git@github.com:zeroroot-ai/sdk-ts.git, type: git}
    version: 0.0.0

  cross-spawn@7.0.6:
    resolution: {integrity: sha512-uV2QOWP2nWzsy2aMp8aRibhi9dlzF5Hgh5SHaB9OiTGEyDTiJJyx0uy51QXdyWbtAHNua4XJzUKca3OzKUd3vA==}
    engines: {node: '>= 8'}

  detect-libc@2.1.2:
    resolution: {integrity: sha512-Btj2BOOO83o3WyH59e8MgXsxEQVcarkUOpEYrubB0urwnN10yQ364rsiByU11nZlqWYZm05i/of7io4mzihBtQ==}
    engines: {node: '>=8'}

  effect@4.0.0-beta.83:
    resolution: {integrity: sha512-0wsak8RtgGAr9UWSbVDgJHZcUqMSvicHcvaZv1MbMM7MCGgW4Rn/137J1MHQbwYPcwYGxT/IqehFd+UbYuj78w==}

  fast-check@4.9.0:
    resolution: {integrity: sha512-7ms6T7SybUev/PQITciI0yLM2pOSFy5zpG8Ty7tQofcVaQUvrMXp6CBwqF6fThLCLOrfBtuHAtwq6Yu4XPCllg==}
    engines: {node: '>=12.17.0'}

  find-my-way-ts@0.1.6:
    resolution: {integrity: sha512-a85L9ZoXtNAey3Y6Z+eBWW658kO/MwR7zIafkIUPUMf3isZG0NCs2pjW2wtjxAKuJPxMAsHUIP4ZPGv0o5gyTA==}

  ini@7.0.0:
    resolution: {integrity: sha512-ifK0CgjALofS5bkrcTy4RaQ9Vx2Knf/eLeIO+NaswQEpH1UblrtTSCIvN71qQDMq0PeQ/SSPojvEJp9vvvfr+w==}
    engines: {node: ^22.22.2 || ^24.15.0 || >=26.0.0}

  isexe@2.0.0:
    resolution: {integrity: sha512-RHxMLp9lnKHGHRng9QFhRCMbYAcVpn69smSGcq3f36xjgVVWThj4qqLbTLlq7Ssj8B+fIQ1EuCEGI2lKsyQeIw==}

  json-schema@0.4.0:
    resolution: {integrity: sha512-es94M3nTIfsEPisRafak+HDLfHXnKBhV3vU5eqPcS3flIWqcxJWgXHXiey3YrpaNsanY5ei1VoYEbOzijuq9BA==}

  kubernetes-types@1.30.0:
    resolution: {integrity: sha512-Dew1okvhM/SQcIa2rcgujNndZwU8VnSapDgdxlYoB84ZlpAD43U6KLAFqYo17ykSFGHNPrg0qry0bP+GJd9v7Q==}

  msgpackr-extract@3.0.4:
    resolution: {integrity: sha512-4kmO/MdyUIkLIvTPr8VHLil4AtoKIoniWPIEk5+CDy0xnWC84azhSFmuJ7PxZdsYtiP5kEeQsORAVIeMgxT+Hw==}
    hasBin: true

  msgpackr@2.0.5:
    resolution: {integrity: sha512-cef05H/dSYpLpqp3sj/qyZh5vhUYCalnaLO7j1yOmpsR0y/XwLVtK7r5gn+U/F7CTEfMowcGhlUQJDLcLf7jcA==}

  multipasta@0.2.8:
    resolution: {integrity: sha512-ZPWuMKyv0cSO29f7hozp+k6+crZbQijV8ipMvxNxRf2SwtYGTX1ZX89Kd20VV4H9Znonx+EQn+iy1wGQsJ+b+Q==}

  node-gyp-build-optional-packages@5.2.2:
    resolution: {integrity: sha512-s+w+rBWnpTMwSFbaE0UXsRlg7hU4FjekKU4eyAih5T8nJuNZT1nNsskXpxmeqSK9UzkBl6UgRlnKc8hz8IEqOw==}
    hasBin: true

  oxlint@1.78.0:
    resolution: {integrity: sha512-QgQePuxIqKOzo1KSjG2EnITEeWvWnKAm77eq8nrMtf6AGoA+zyGc4PFYtDNJSD25g/ibOwfQ851hZ4/SPkMVoA==}
    engines: {node: ^20.19.0 || >=22.12.0}
    hasBin: true
    peerDependencies:
      oxlint-tsgolint: '>=7.0.2001'
      vite-plus: '*'
    peerDependenciesMeta:
      oxlint-tsgolint:
        optional: true
      vite-plus:
        optional: true

  path-key@3.1.1:
    resolution: {integrity: sha512-ojmeN0qd+y0jszEtoY48r0Peq5dwMEkIlCOu6Q5f41lfkswXuKtYrhgoTpLnyIcHm24Uhqx+5Tqm2InSwLhE6Q==}
    engines: {node: '>=8'}

  pure-rand@8.4.2:
    resolution: {integrity: sha512-vvuOGgcuPJAirlHvuQw1TrOiw7ptaIXXmIbNuiNOY6lNGJJH49PQ1Kj4nd783nPdQhQdicgOjVI2yI/9BD6/Ng==}

  shebang-command@2.0.0:
    resolution: {integrity: sha512-kHxr2zZpYtdmrN1qDjrrX/Z1rR1kG8Dx+gkpK1G4eXmvXswmcE1hTWBWYUzlraYw1/yZp6YuDY77YtvbN0dmDA==}
    engines: {node: '>=8'}

  shebang-regex@3.0.0:
    resolution: {integrity: sha512-7++dFhtcx3353uBaq8DDR4NuxBetBzC7ZQOhmTQInHEd6bSrXdiEyzCvG07Z44UYdLShWUyXt5M/yhz8ekcb1A==}
    engines: {node: '>=8'}

  toml@4.3.0:
    resolution: {integrity: sha512-lVb8X9BsPVuH0M4BKeS91tXAmJvCjQ5UIyAbQFaxkKGyUFK2RPkhwaFSQH8vbpl1d23eu/IBH+dwVMHWaq9A5A==}
    engines: {node: '>=20'}

  typescript@5.9.3:
    resolution: {integrity: sha512-jl1vZzPDinLr9eUt3J/t7V6FgNEw9QjvBPdysz9KfQDD41fQrC2Y4vKQdiaUpFT4bXlb1RHhLpp8wtm6M5TgSw==}
    engines: {node: '>=14.17'}
    hasBin: true

  undici-types@6.21.0:
    resolution: {integrity: sha512-iwDZqg0QAGrg9Rav5H4n0M64c3mkR59cJ6wQp+7C4nI0gsmExaedaYLNO44eT4AtBBwjbTiGPMlt2Md0T9H9JQ==}

  uuid@14.0.1:
    resolution: {integrity: sha512-6ZxzVpzDXDa3bJWaHilVayA+BH/1zmxCJoVgvmqJnid/gPoKHxUrS/aC/T6LGQtNHT+XHG9fXPJB4d+IrU30Ew==}
    hasBin: true

  which@2.0.2:
    resolution: {integrity: sha512-BLI3Tl1TW3Pvl70l3yq3Y64i+awpwXqsGBYWkkqMtnbXgrMD+yj7rhW0kuEDxzJaYXGjEW5ogapKNMEKNMjibA==}
    engines: {node: '>= 8'}
    hasBin: true

  yaml@2.9.0:
    resolution: {integrity: sha512-2AvhNX3mb8zd6Zy7INTtSpl1F15HW6Wnqj0srWlkKLcpYl/gMIMJiyuGq2KeI2YFxUPjdlB+3Lc10seMLtL4cA==}
    engines: {node: '>= 14.6'}
    hasBin: true

  zod@4.1.8:
    resolution: {integrity: sha512-5R1P+WwQqmmMIEACyzSvo4JXHY5WiAFHRMg+zBZKgKS+Q1viRa0C1hmUKtHltoIFKtIdki3pRxkmpP74jnNYHQ==}

snapshots:

  '@ai-sdk/provider@3.0.8':
    dependencies:
      json-schema: 0.4.0

  '@bufbuild/protobuf@2.13.0': {}

  '@connectrpc/connect-node@2.1.2(@bufbuild/protobuf@2.13.0)(@connectrpc/connect@2.1.2(@bufbuild/protobuf@2.13.0))':
    dependencies:
      '@bufbuild/protobuf': 2.13.0
      '@connectrpc/connect': 2.1.2(@bufbuild/protobuf@2.13.0)

  '@connectrpc/connect@2.1.2(@bufbuild/protobuf@2.13.0)':
    dependencies:
      '@bufbuild/protobuf': 2.13.0

  '@msgpackr-extract/msgpackr-extract-darwin-arm64@3.0.4':
    optional: true

  '@msgpackr-extract/msgpackr-extract-darwin-x64@3.0.4':
    optional: true

  '@msgpackr-extract/msgpackr-extract-linux-arm64@3.0.4':
    optional: true

  '@msgpackr-extract/msgpackr-extract-linux-arm@3.0.4':
    optional: true

  '@msgpackr-extract/msgpackr-extract-linux-x64@3.0.4':
    optional: true

  '@msgpackr-extract/msgpackr-extract-win32-x64@3.0.4':
    optional: true

  '@opencode-ai/plugin@1.18.11':
    dependencies:
      '@ai-sdk/provider': 3.0.8
      '@opencode-ai/sdk': 1.18.11
      effect: 4.0.0-beta.83
      zod: 4.1.8

  '@opencode-ai/sdk@1.18.11':
    dependencies:
      cross-spawn: 7.0.6

  '@oxlint/binding-android-arm-eabi@1.78.0':
    optional: true

  '@oxlint/binding-android-arm64@1.78.0':
    optional: true

  '@oxlint/binding-darwin-arm64@1.78.0':
    optional: true

  '@oxlint/binding-darwin-x64@1.78.0':
    optional: true

  '@oxlint/binding-freebsd-x64@1.78.0':
    optional: true

  '@oxlint/binding-linux-arm-gnueabihf@1.78.0':
    optional: true

  '@oxlint/binding-linux-arm-musleabihf@1.78.0':
    optional: true

  '@oxlint/binding-linux-arm64-gnu@1.78.0':
    optional: true

  '@oxlint/binding-linux-arm64-musl@1.78.0':
    optional: true

  '@oxlint/binding-linux-ppc64-gnu@1.78.0':
    optional: true

  '@oxlint/binding-linux-riscv64-gnu@1.78.0':
    optional: true

  '@oxlint/binding-linux-riscv64-musl@1.78.0':
    optional: true

  '@oxlint/binding-linux-s390x-gnu@1.78.0':
    optional: true

  '@oxlint/binding-linux-x64-gnu@1.78.0':
    optional: true

  '@oxlint/binding-linux-x64-musl@1.78.0':
    optional: true

  '@oxlint/binding-openharmony-arm64@1.78.0':
    optional: true

  '@oxlint/binding-win32-arm64-msvc@1.78.0':
    optional: true

  '@oxlint/binding-win32-ia32-msvc@1.78.0':
    optional: true

  '@oxlint/binding-win32-x64-msvc@1.78.0':
    optional: true

  '@standard-schema/spec@1.1.0': {}

  '@types/node@22.20.1':
    dependencies:
      undici-types: 6.21.0

  '@zerocool/sdk@git+https://git@github.com:zeroroot-ai/sdk-ts.git#d582489ab0cdd742a4b034428a27a80abb286c89':
    dependencies:
      '@bufbuild/protobuf': 2.13.0
      '@connectrpc/connect': 2.1.2(@bufbuild/protobuf@2.13.0)
      '@connectrpc/connect-node': 2.1.2(@bufbuild/protobuf@2.13.0)(@connectrpc/connect@2.1.2(@bufbuild/protobuf@2.13.0))

  cross-spawn@7.0.6:
    dependencies:
      path-key: 3.1.1
      shebang-command: 2.0.0
      which: 2.0.2

  detect-libc@2.1.2:
    optional: true

  effect@4.0.0-beta.83:
    dependencies:
      '@standard-schema/spec': 1.1.0
      fast-check: 4.9.0
      find-my-way-ts: 0.1.6
      ini: 7.0.0
      kubernetes-types: 1.30.0
      msgpackr: 2.0.5
      multipasta: 0.2.8
      toml: 4.3.0
      uuid: 14.0.1
      yaml: 2.9.0

  fast-check@4.9.0:
    dependencies:
      pure-rand: 8.4.2

  find-my-way-ts@0.1.6: {}

  ini@7.0.0: {}

  isexe@2.0.0: {}

  json-schema@0.4.0: {}

  kubernetes-types@1.30.0: {}

  msgpackr-extract@3.0.4:
    dependencies:
      node-gyp-build-optional-packages: 5.2.2
    optionalDependencies:
      '@msgpackr-extract/msgpackr-extract-darwin-arm64': 3.0.4
      '@msgpackr-extract/msgpackr-extract-darwin-x64': 3.0.4
      '@msgpackr-extract/msgpackr-extract-linux-arm': 3.0.4
      '@msgpackr-extract/msgpackr-extract-linux-arm64': 3.0.4
      '@msgpackr-extract/msgpackr-extract-linux-x64': 3.0.4
      '@msgpackr-extract/msgpackr-extract-win32-x64': 3.0.4
    optional: true

  msgpackr@2.0.5:
    optionalDependencies:
      msgpackr-extract: 3.0.4

  multipasta@0.2.8: {}

  node-gyp-build-optional-packages@5.2.2:
    dependencies:
      detect-libc: 2.1.2
    optional: true

  oxlint@1.78.0:
    optionalDependencies:
      '@oxlint/binding-android-arm-eabi': 1.78.0
      '@oxlint/binding-android-arm64': 1.78.0
      '@oxlint/binding-darwin-arm64': 1.78.0
      '@oxlint/binding-darwin-x64': 1.78.0
      '@oxlint/binding-freebsd-x64': 1.78.0
      '@oxlint/binding-linux-arm-gnueabihf': 1.78.0
      '@oxlint/binding-linux-arm-musleabihf': 1.78.0
      '@oxlint/binding-linux-arm64-gnu': 1.78.0
      '@oxlint/binding-linux-arm64-musl': 1.78.0
      '@oxlint/binding-linux-ppc64-gnu': 1.78.0
      '@oxlint/binding-linux-riscv64-gnu': 1.78.0
      '@oxlint/binding-linux-riscv64-musl': 1.78.0
      '@oxlint/binding-linux-s390x-gnu': 1.78.0
      '@oxlint/binding-linux-x64-gnu': 1.78.0
      '@oxlint/binding-linux-x64-musl': 1.78.0
      '@oxlint/binding-openharmony-arm64': 1.78.0
      '@oxlint/binding-win32-arm64-msvc': 1.78.0
      '@oxlint/binding-win32-ia32-msvc': 1.78.0
      '@oxlint/binding-win32-x64-msvc': 1.78.0

  path-key@3.1.1: {}

  pure-rand@8.4.2: {}

  shebang-command@2.0.0:
    dependencies:
      shebang-regex: 3.0.0

  shebang-regex@3.0.0: {}

  toml@4.3.0: {}

  typescript@5.9.3: {}

  undici-types@6.21.0: {}

  uuid@14.0.1: {}

  which@2.0.2:
    dependencies:
      isexe: 2.0.0

  yaml@2.9.0: {}

  zod@4.1.8: {}
